
Microsoft Visual Studio Solution File, Format Version 12.00
# Visual Studio Version 17
VisualStudioVersion = 17.0.31611.283
MinimumVisualStudioVersion = 10.0.40219.1
Project("{9A19103F-16F7-4668-BE54-9A1E7A4F7556}") = "StreetSweeper", "StreetSweeper\StreetSweeper.csproj", "{04DC9106-7F46-4AA2-B359-19721583DC70}"
EndProject
Project("{FAE04EC0-301F-11D3-BF4B-00C04F79EFBC}") = "StreetSweeper.Core", "StreetSweeper.Core\StreetSweeper.Core.csproj", "{757D3E72-8697-4D4B-B9F3-A885BB6773AB}"
EndProject
Project("{FAE04EC0-301F-11D3-BF4B-00C04F79EFBC}") = "StreetSweeper.Tests", "StreetSweeper.Tests\StreetSweeper.Tests.csproj", "{2C15990D-E7CE-4CB6-B36E-0A875FCB52D7}"
EndProject
Global
	GlobalSection(SolutionConfigurationPlatforms) = preSolution
		Debug|Any CPU = Debug|Any CPU
		Release|Any CPU = Release|Any CPU
	EndGlobalSection
	GlobalSection(ProjectConfigurationPlatforms) = postSolution
		{04DC9106-7F46-4AA2-B359-19721583DC70}.Debug|Any CPU.ActiveCfg = Debug|Any CPU
		{04DC9106-7F46-4AA2-B359-19721583DC70}.Debug|Any CPU.Build.0 = Debug|Any CPU
		{04DC9106-7F46-4AA2-B359-19721583DC70}.Debug|Any CPU.Deploy.0 = Debug|Any CPU
		{04DC9106-7F46-4AA2-B359-19721583DC70}.Release|Any CPU.ActiveCfg = Release|Any CPU
		{04DC9106-7F46-4AA2-B359-19721583DC70}.Release|Any CPU.Build.0 = Release|Any CPU
		{04DC9106-7F46-4AA2-B359-19721583DC70}.Release|Any CPU.Deploy.0 = Release|Any CPU
		{757D3E72-8697-4D4B-B9F3-A885BB6773AB}.Debug|Any CPU.ActiveCfg = Debug|Any CPU
		{757D3E72-8697-4D4B-B9F3-A885BB6773AB}.Debug|Any CPU.Build.0 = Debug|Any CPU
		{757D3E72-8697-4D4B-B9F3-A885BB6773AB}.Release|Any CPU.ActiveCfg = Release|Any CPU
		{757D3E72-8697-4D4B-B9F3-A885BB6773AB}.Release|Any CPU.Build.0 = Release|Any CPU
		{2C15990D-E7CE-4CB6-B36E-0A875FCB52D7}.Debug|Any CPU.ActiveCfg = Debug|Any CPU
		{2C15990D-E7CE-4CB6-B36E-0A875FCB52D7}.Debug|Any CPU.Build.0 = Debug|Any CPU
		{2C15990D-E7CE-4CB6-B36E-0A875FCB52D7}.Release|Any CPU.ActiveCfg = Release|Any CPU
		{2C15990D-E7CE-4CB6-B36E-0A875FCB52D7}.Release|Any CPU.Build.0 = Release|Any CPU
	EndGlobalSection
	GlobalSection(SolutionProperties) = preSolution
		HideSolutionNode = FALSE
	EndGlobalSection
	GlobalSection(ExtensibilityGlobals) = postSolution
		SolutionGuid = {61F7FB11-1E47-470C-91E2-47F8143E1572}
	EndGlobalSection
EndGlobal
